
Microsoft Visual Studio Solution File, Format Version 12.00
# Visual Studio 15
VisualStudioVersion = 15.0.26124.0
MinimumVisualStudioVersion = 15.0.26124.0
Project("{9A19103F-16F7-4668-BE54-9A1E7A4F7556}") = "ReactDemo", "ReactDemo.csproj", "{F4CF29EE-C772-418B-93E5-BDBEB946E363}"
EndProject
Global
	GlobalSection(SolutionConfigurationPlatforms) = preSolution
		Debug|Any CPU = Debug|Any CPU
		Debug|x64 = Debug|x64
		Debug|x86 = Debug|x86
		Release|Any CPU = Release|Any CPU
		Release|x64 = Release|x64
		Release|x86 = Release|x86
	EndGlobalSection
	GlobalSection(ProjectConfigurationPlatforms) = postSolution
		{F4CF29EE-C772-418B-93E5-BDBEB946E363}.Debug|Any CPU.ActiveCfg = Debug|Any CPU
		{F4CF29EE-C772-418B-93E5-BDBEB946E363}.Debug|Any CPU.Build.0 = Debug|Any CPU
		{F4CF29EE-C772-418B-93E5-BDBEB946E363}.Debug|x64.ActiveCfg = Debug|Any CPU
		{F4CF29EE-C772-418B-93E5-BDBEB946E363}.Debug|x64.Build.0 = Debug|Any CPU
		{F4CF29EE-C772-418B-93E5-BDBEB946E363}.Debug|x86.ActiveCfg = Debug|Any CPU
		{F4CF29EE-C772-418B-93E5-BDBEB946E363}.Debug|x86.Build.0 = Debug|Any CPU
		{F4CF29EE-C772-418B-93E5-BDBEB946E363}.Release|Any CPU.ActiveCfg = Release|Any CPU
		{F4CF29EE-C772-418B-93E5-BDBEB946E363}.Release|Any CPU.Build.0 = Release|Any CPU
		{F4CF29EE-C772-418B-93E5-BDBEB946E363}.Release|x64.ActiveCfg = Release|Any CPU
		{F4CF29EE-C772-418B-93E5-BDBEB946E363}.Release|x64.Build.0 = Release|Any CPU
		{F4CF29EE-C772-418B-93E5-BDBEB946E363}.Release|x86.ActiveCfg = Release|Any CPU
		{F4CF29EE-C772-418B-93E5-BDBEB946E363}.Release|x86.Build.0 = Release|Any CPU
	EndGlobalSection
	GlobalSection(SolutionProperties) = preSolution
		HideSolutionNode = FALSE
	EndGlobalSection
	GlobalSection(ExtensibilityGlobals) = postSolution
		SolutionGuid = {10EB835B-CD34-43CB-A1A8-B139849F3414}
	EndGlobalSection
EndGlobal
